
Microsoft Visual Studio Solution File, Format Version 12.00
# Visual Studio Version 17
Project("{2150E333-8FDC-42A3-9474-1A3956D46DE8}") = "CMakePredefinedTargets", "CMakePredefinedTargets", "{DD8710FA-7B69-316D-A760-E8B2B3778CA7}"
EndProject
Project("{2150E333-8FDC-42A3-9474-1A3956D46DE8}") = "External", "External", "{838AE178-EE4E-3281-9A4F-CD7552F58E85}"
EndProject
Project("{2150E333-8FDC-42A3-9474-1A3956D46DE8}") = "Internal", "Internal", "{7F63395B-8092-397A-AD05-28E76D44F590}"
EndProject
Project("{8BC9CEB8-8B4A-11D0-8D11-00A0C91BC942}") = "ALL_BUILD", "ALL_BUILD.vcxproj", "{08107866-C684-34DA-AEC2-F90B0A22CB79}"
	ProjectSection(ProjectDependencies) = postProject
		{DA9C735E-B2C5-39F2-85B4-FD25B96986BF} = {DA9C735E-B2C5-39F2-85B4-FD25B96986BF}
		{252B9FA5-C417-37C2-A001-07B1A6D54119} = {252B9FA5-C417-37C2-A001-07B1A6D54119}
		{9D6147F7-882D-346D-88AF-118001ED8AF5} = {9D6147F7-882D-346D-88AF-118001ED8AF5}
		{6C7AD4CA-D7C3-3C34-BBBA-FDEB6EE4D171} = {6C7AD4CA-D7C3-3C34-BBBA-FDEB6EE4D171}
		{BF63D340-13A4-32D9-9AAF-72345A3B116E} = {BF63D340-13A4-32D9-9AAF-72345A3B116E}
		{4ADA01B4-E83E-31B8-B5C7-EFC7BB4B0D43} = {4ADA01B4-E83E-31B8-B5C7-EFC7BB4B0D43}
		{F439926D-403C-3B6E-BC2C-D5421200BBE5} = {F439926D-403C-3B6E-BC2C-D5421200BBE5}
		{C1999854-B9F1-3B18-BE68-A41987393383} = {C1999854-B9F1-3B18-BE68-A41987393383}
		{16D978F5-C1AA-35F7-ADD3-E52538C86394} = {16D978F5-C1AA-35F7-ADD3-E52538C86394}
		{C27713BC-BA4C-32F2-8523-D226D6A8B641} = {C27713BC-BA4C-32F2-8523-D226D6A8B641}
		{11103083-B623-3CEE-87A6-E158824337F2} = {11103083-B623-3CEE-87A6-E158824337F2}
		{252E7447-1D7E-3CEA-9542-BB24FBC013B1} = {252E7447-1D7E-3CEA-9542-BB24FBC013B1}
		{D91EEFA9-7425-3462-BD2B-FD46E67385F6} = {D91EEFA9-7425-3462-BD2B-FD46E67385F6}
	EndProjectSection
EndProject
Project("{8BC9CEB8-8B4A-11D0-8D11-00A0C91BC942}") = "ZERO_CHECK", "..\..\..\\ZERO_CHECK.vcxproj", "{DA9C735E-B2C5-39F2-85B4-FD25B96986BF}"
	ProjectSection(ProjectDependencies) = postProject
	EndProjectSection
EndProject
Project("{8BC9CEB8-8B4A-11D0-8D11-00A0C91BC942}") = "cocos2d", "cocos2d.vcxproj", "{252B9FA5-C417-37C2-A001-07B1A6D54119}"
	ProjectSection(ProjectDependencies) = postProject
		{DA9C735E-B2C5-39F2-85B4-FD25B96986BF} = {DA9C735E-B2C5-39F2-85B4-FD25B96986BF}
		{9D6147F7-882D-346D-88AF-118001ED8AF5} = {9D6147F7-882D-346D-88AF-118001ED8AF5}
		{6C7AD4CA-D7C3-3C34-BBBA-FDEB6EE4D171} = {6C7AD4CA-D7C3-3C34-BBBA-FDEB6EE4D171}
		{BF63D340-13A4-32D9-9AAF-72345A3B116E} = {BF63D340-13A4-32D9-9AAF-72345A3B116E}
		{4ADA01B4-E83E-31B8-B5C7-EFC7BB4B0D43} = {4ADA01B4-E83E-31B8-B5C7-EFC7BB4B0D43}
		{F439926D-403C-3B6E-BC2C-D5421200BBE5} = {F439926D-403C-3B6E-BC2C-D5421200BBE5}
		{C1999854-B9F1-3B18-BE68-A41987393383} = {C1999854-B9F1-3B18-BE68-A41987393383}
		{16D978F5-C1AA-35F7-ADD3-E52538C86394} = {16D978F5-C1AA-35F7-ADD3-E52538C86394}
		{C27713BC-BA4C-32F2-8523-D226D6A8B641} = {C27713BC-BA4C-32F2-8523-D226D6A8B641}
		{11103083-B623-3CEE-87A6-E158824337F2} = {11103083-B623-3CEE-87A6-E158824337F2}
		{252E7447-1D7E-3CEA-9542-BB24FBC013B1} = {252E7447-1D7E-3CEA-9542-BB24FBC013B1}
		{D91EEFA9-7425-3462-BD2B-FD46E67385F6} = {D91EEFA9-7425-3462-BD2B-FD46E67385F6}
	EndProjectSection
EndProject
Project("{8BC9CEB8-8B4A-11D0-8D11-00A0C91BC942}") = "ext_clipper", "..\..\external\clipper\ext_clipper.vcxproj", "{9D6147F7-882D-346D-88AF-118001ED8AF5}"
	ProjectSection(ProjectDependencies) = postProject
		{DA9C735E-B2C5-39F2-85B4-FD25B96986BF} = {DA9C735E-B2C5-39F2-85B4-FD25B96986BF}
	EndProjectSection
EndProject
Project("{8BC9CEB8-8B4A-11D0-8D11-00A0C91BC942}") = "ext_convertUTF", "..\..\external\ConvertUTF\ext_convertUTF.vcxproj", "{6C7AD4CA-D7C3-3C34-BBBA-FDEB6EE4D171}"
	ProjectSection(ProjectDependencies) = postProject
		{DA9C735E-B2C5-39F2-85B4-FD25B96986BF} = {DA9C735E-B2C5-39F2-85B4-FD25B96986BF}
	EndProjectSection
EndProject
Project("{8BC9CEB8-8B4A-11D0-8D11-00A0C91BC942}") = "ext_edtaa3func", "..\..\external\edtaa3func\ext_edtaa3func.vcxproj", "{BF63D340-13A4-32D9-9AAF-72345A3B116E}"
	ProjectSection(ProjectDependencies) = postProject
		{DA9C735E-B2C5-39F2-85B4-FD25B96986BF} = {DA9C735E-B2C5-39F2-85B4-FD25B96986BF}
	EndProjectSection
EndProject
Project("{8BC9CEB8-8B4A-11D0-8D11-00A0C91BC942}") = "ext_md5", "..\..\external\md5\ext_md5.vcxproj", "{4ADA01B4-E83E-31B8-B5C7-EFC7BB4B0D43}"
	ProjectSection(ProjectDependencies) = postProject
		{DA9C735E-B2C5-39F2-85B4-FD25B96986BF} = {DA9C735E-B2C5-39F2-85B4-FD25B96986BF}
	EndProjectSection
EndProject
Project("{8BC9CEB8-8B4A-11D0-8D11-00A0C91BC942}") = "ext_poly2tri", "..\..\external\poly2tri\ext_poly2tri.vcxproj", "{F439926D-403C-3B6E-BC2C-D5421200BBE5}"
	ProjectSection(ProjectDependencies) = postProject
		{DA9C735E-B2C5-39F2-85B4-FD25B96986BF} = {DA9C735E-B2C5-39F2-85B4-FD25B96986BF}
	EndProjectSection
EndProject
Project("{8BC9CEB8-8B4A-11D0-8D11-00A0C91BC942}") = "ext_recast", "..\..\external\recast\ext_recast.vcxproj", "{C1999854-B9F1-3B18-BE68-A41987393383}"
	ProjectSection(ProjectDependencies) = postProject
		{DA9C735E-B2C5-39F2-85B4-FD25B96986BF} = {DA9C735E-B2C5-39F2-85B4-FD25B96986BF}
	EndProjectSection
EndProject
Project("{8BC9CEB8-8B4A-11D0-8D11-00A0C91BC942}") = "ext_tinyxml2", "..\..\external\tinyxml2\ext_tinyxml2.vcxproj", "{16D978F5-C1AA-35F7-ADD3-E52538C86394}"
	ProjectSection(ProjectDependencies) = postProject
		{DA9C735E-B2C5-39F2-85B4-FD25B96986BF} = {DA9C735E-B2C5-39F2-85B4-FD25B96986BF}
	EndProjectSection
EndProject
Project("{8BC9CEB8-8B4A-11D0-8D11-00A0C91BC942}") = "ext_unzip", "..\..\external\unzip\ext_unzip.vcxproj", "{C27713BC-BA4C-32F2-8523-D226D6A8B641}"
	ProjectSection(ProjectDependencies) = postProject
		{DA9C735E-B2C5-39F2-85B4-FD25B96986BF} = {DA9C735E-B2C5-39F2-85B4-FD25B96986BF}
	EndProjectSection
EndProject
Project("{8BC9CEB8-8B4A-11D0-8D11-00A0C91BC942}") = "ext_xxhash", "..\..\external\xxhash\ext_xxhash.vcxproj", "{11103083-B623-3CEE-87A6-E158824337F2}"
	ProjectSection(ProjectDependencies) = postProject
		{DA9C735E-B2C5-39F2-85B4-FD25B96986BF} = {DA9C735E-B2C5-39F2-85B4-FD25B96986BF}
	EndProjectSection
EndProject
Project("{8BC9CEB8-8B4A-11D0-8D11-00A0C91BC942}") = "ext_xxtea", "..\..\external\xxtea\ext_xxtea.vcxproj", "{252E7447-1D7E-3CEA-9542-BB24FBC013B1}"
	ProjectSection(ProjectDependencies) = postProject
		{DA9C735E-B2C5-39F2-85B4-FD25B96986BF} = {DA9C735E-B2C5-39F2-85B4-FD25B96986BF}
	EndProjectSection
EndProject
Project("{8BC9CEB8-8B4A-11D0-8D11-00A0C91BC942}") = "external", "..\..\external\external.vcxproj", "{D91EEFA9-7425-3462-BD2B-FD46E67385F6}"
	ProjectSection(ProjectDependencies) = postProject
		{DA9C735E-B2C5-39F2-85B4-FD25B96986BF} = {DA9C735E-B2C5-39F2-85B4-FD25B96986BF}
		{9D6147F7-882D-346D-88AF-118001ED8AF5} = {9D6147F7-882D-346D-88AF-118001ED8AF5}
		{6C7AD4CA-D7C3-3C34-BBBA-FDEB6EE4D171} = {6C7AD4CA-D7C3-3C34-BBBA-FDEB6EE4D171}
		{BF63D340-13A4-32D9-9AAF-72345A3B116E} = {BF63D340-13A4-32D9-9AAF-72345A3B116E}
		{4ADA01B4-E83E-31B8-B5C7-EFC7BB4B0D43} = {4ADA01B4-E83E-31B8-B5C7-EFC7BB4B0D43}
		{F439926D-403C-3B6E-BC2C-D5421200BBE5} = {F439926D-403C-3B6E-BC2C-D5421200BBE5}
		{C1999854-B9F1-3B18-BE68-A41987393383} = {C1999854-B9F1-3B18-BE68-A41987393383}
		{16D978F5-C1AA-35F7-ADD3-E52538C86394} = {16D978F5-C1AA-35F7-ADD3-E52538C86394}
		{C27713BC-BA4C-32F2-8523-D226D6A8B641} = {C27713BC-BA4C-32F2-8523-D226D6A8B641}
		{11103083-B623-3CEE-87A6-E158824337F2} = {11103083-B623-3CEE-87A6-E158824337F2}
		{252E7447-1D7E-3CEA-9542-BB24FBC013B1} = {252E7447-1D7E-3CEA-9542-BB24FBC013B1}
	EndProjectSection
EndProject
Global
	GlobalSection(SolutionConfigurationPlatforms) = preSolution
		Debug|Win32 = Debug|Win32
		Release|Win32 = Release|Win32
		MinSizeRel|Win32 = MinSizeRel|Win32
		RelWithDebInfo|Win32 = RelWithDebInfo|Win32
	EndGlobalSection
	GlobalSection(ProjectConfigurationPlatforms) = postSolution
		{08107866-C684-34DA-AEC2-F90B0A22CB79}.Debug|Win32.ActiveCfg = Debug|Win32
		{08107866-C684-34DA-AEC2-F90B0A22CB79}.Release|Win32.ActiveCfg = Release|Win32
		{08107866-C684-34DA-AEC2-F90B0A22CB79}.MinSizeRel|Win32.ActiveCfg = MinSizeRel|Win32
		{08107866-C684-34DA-AEC2-F90B0A22CB79}.RelWithDebInfo|Win32.ActiveCfg = RelWithDebInfo|Win32
		{DA9C735E-B2C5-39F2-85B4-FD25B96986BF}.Debug|Win32.ActiveCfg = Debug|Win32
		{DA9C735E-B2C5-39F2-85B4-FD25B96986BF}.Debug|Win32.Build.0 = Debug|Win32
		{DA9C735E-B2C5-39F2-85B4-FD25B96986BF}.Release|Win32.ActiveCfg = Release|Win32
		{DA9C735E-B2C5-39F2-85B4-FD25B96986BF}.Release|Win32.Build.0 = Release|Win32
		{DA9C735E-B2C5-39F2-85B4-FD25B96986BF}.MinSizeRel|Win32.ActiveCfg = MinSizeRel|Win32
		{DA9C735E-B2C5-39F2-85B4-FD25B96986BF}.MinSizeRel|Win32.Build.0 = MinSizeRel|Win32
		{DA9C735E-B2C5-39F2-85B4-FD25B96986BF}.RelWithDebInfo|Win32.ActiveCfg = RelWithDebInfo|Win32
		{DA9C735E-B2C5-39F2-85B4-FD25B96986BF}.RelWithDebInfo|Win32.Build.0 = RelWithDebInfo|Win32
		{252B9FA5-C417-37C2-A001-07B1A6D54119}.Debug|Win32.ActiveCfg = Debug|Win32
		{252B9FA5-C417-37C2-A001-07B1A6D54119}.Debug|Win32.Build.0 = Debug|Win32
		{252B9FA5-C417-37C2-A001-07B1A6D54119}.Release|Win32.ActiveCfg = Release|Win32
		{252B9FA5-C417-37C2-A001-07B1A6D54119}.Release|Win32.Build.0 = Release|Win32
		{252B9FA5-C417-37C2-A001-07B1A6D54119}.MinSizeRel|Win32.ActiveCfg = MinSizeRel|Win32
		{252B9FA5-C417-37C2-A001-07B1A6D54119}.MinSizeRel|Win32.Build.0 = MinSizeRel|Win32
		{252B9FA5-C417-37C2-A001-07B1A6D54119}.RelWithDebInfo|Win32.ActiveCfg = RelWithDebInfo|Win32
		{252B9FA5-C417-37C2-A001-07B1A6D54119}.RelWithDebInfo|Win32.Build.0 = RelWithDebInfo|Win32
		{9D6147F7-882D-346D-88AF-118001ED8AF5}.Debug|Win32.ActiveCfg = Debug|Win32
		{9D6147F7-882D-346D-88AF-118001ED8AF5}.Debug|Win32.Build.0 = Debug|Win32
		{9D6147F7-882D-346D-88AF-118001ED8AF5}.Release|Win32.ActiveCfg = Release|Win32
		{9D6147F7-882D-346D-88AF-118001ED8AF5}.Release|Win32.Build.0 = Release|Win32
		{9D6147F7-882D-346D-88AF-118001ED8AF5}.MinSizeRel|Win32.ActiveCfg = MinSizeRel|Win32
		{9D6147F7-882D-346D-88AF-118001ED8AF5}.MinSizeRel|Win32.Build.0 = MinSizeRel|Win32
		{9D6147F7-882D-346D-88AF-118001ED8AF5}.RelWithDebInfo|Win32.ActiveCfg = RelWithDebInfo|Win32
		{9D6147F7-882D-346D-88AF-118001ED8AF5}.RelWithDebInfo|Win32.Build.0 = RelWithDebInfo|Win32
		{6C7AD4CA-D7C3-3C34-BBBA-FDEB6EE4D171}.Debug|Win32.ActiveCfg = Debug|Win32
		{6C7AD4CA-D7C3-3C34-BBBA-FDEB6EE4D171}.Debug|Win32.Build.0 = Debug|Win32
		{6C7AD4CA-D7C3-3C34-BBBA-FDEB6EE4D171}.Release|Win32.ActiveCfg = Release|Win32
		{6C7AD4CA-D7C3-3C34-BBBA-FDEB6EE4D171}.Release|Win32.Build.0 = Release|Win32
		{6C7AD4CA-D7C3-3C34-BBBA-FDEB6EE4D171}.MinSizeRel|Win32.ActiveCfg = MinSizeRel|Win32
		{6C7AD4CA-D7C3-3C34-BBBA-FDEB6EE4D171}.MinSizeRel|Win32.Build.0 = MinSizeRel|Win32
		{6C7AD4CA-D7C3-3C34-BBBA-FDEB6EE4D171}.RelWithDebInfo|Win32.ActiveCfg = RelWithDebInfo|Win32
		{6C7AD4CA-D7C3-3C34-BBBA-FDEB6EE4D171}.RelWithDebInfo|Win32.Build.0 = RelWithDebInfo|Win32
		{BF63D340-13A4-32D9-9AAF-72345A3B116E}.Debug|Win32.ActiveCfg = Debug|Win32
		{BF63D340-13A4-32D9-9AAF-72345A3B116E}.Debug|Win32.Build.0 = Debug|Win32
		{BF63D340-13A4-32D9-9AAF-72345A3B116E}.Release|Win32.ActiveCfg = Release|Win32
		{BF63D340-13A4-32D9-9AAF-72345A3B116E}.Release|Win32.Build.0 = Release|Win32
		{BF63D340-13A4-32D9-9AAF-72345A3B116E}.MinSizeRel|Win32.ActiveCfg = MinSizeRel|Win32
		{BF63D340-13A4-32D9-9AAF-72345A3B116E}.MinSizeRel|Win32.Build.0 = MinSizeRel|Win32
		{BF63D340-13A4-32D9-9AAF-72345A3B116E}.RelWithDebInfo|Win32.ActiveCfg = RelWithDebInfo|Win32
		{BF63D340-13A4-32D9-9AAF-72345A3B116E}.RelWithDebInfo|Win32.Build.0 = RelWithDebInfo|Win32
		{4ADA01B4-E83E-31B8-B5C7-EFC7BB4B0D43}.Debug|Win32.ActiveCfg = Debug|Win32
		{4ADA01B4-E83E-31B8-B5C7-EFC7BB4B0D43}.Debug|Win32.Build.0 = Debug|Win32
		{4ADA01B4-E83E-31B8-B5C7-EFC7BB4B0D43}.Release|Win32.ActiveCfg = Release|Win32
		{4ADA01B4-E83E-31B8-B5C7-EFC7BB4B0D43}.Release|Win32.Build.0 = Release|Win32
		{4ADA01B4-E83E-31B8-B5C7-EFC7BB4B0D43}.MinSizeRel|Win32.ActiveCfg = MinSizeRel|Win32
		{4ADA01B4-E83E-31B8-B5C7-EFC7BB4B0D43}.MinSizeRel|Win32.Build.0 = MinSizeRel|Win32
		{4ADA01B4-E83E-31B8-B5C7-EFC7BB4B0D43}.RelWithDebInfo|Win32.ActiveCfg = RelWithDebInfo|Win32
		{4ADA01B4-E83E-31B8-B5C7-EFC7BB4B0D43}.RelWithDebInfo|Win32.Build.0 = RelWithDebInfo|Win32
		{F439926D-403C-3B6E-BC2C-D5421200BBE5}.Debug|Win32.ActiveCfg = Debug|Win32
		{F439926D-403C-3B6E-BC2C-D5421200BBE5}.Debug|Win32.Build.0 = Debug|Win32
		{F439926D-403C-3B6E-BC2C-D5421200BBE5}.Release|Win32.ActiveCfg = Release|Win32
		{F439926D-403C-3B6E-BC2C-D5421200BBE5}.Release|Win32.Build.0 = Release|Win32
		{F439926D-403C-3B6E-BC2C-D5421200BBE5}.MinSizeRel|Win32.ActiveCfg = MinSizeRel|Win32
		{F439926D-403C-3B6E-BC2C-D5421200BBE5}.MinSizeRel|Win32.Build.0 = MinSizeRel|Win32
		{F439926D-403C-3B6E-BC2C-D5421200BBE5}.RelWithDebInfo|Win32.ActiveCfg = RelWithDebInfo|Win32
		{F439926D-403C-3B6E-BC2C-D5421200BBE5}.RelWithDebInfo|Win32.Build.0 = RelWithDebInfo|Win32
		{C1999854-B9F1-3B18-BE68-A41987393383}.Debug|Win32.ActiveCfg = Debug|Win32
		{C1999854-B9F1-3B18-BE68-A41987393383}.Debug|Win32.Build.0 = Debug|Win32
		{C1999854-B9F1-3B18-BE68-A41987393383}.Release|Win32.ActiveCfg = Release|Win32
		{C1999854-B9F1-3B18-BE68-A41987393383}.Release|Win32.Build.0 = Release|Win32
		{C1999854-B9F1-3B18-BE68-A41987393383}.MinSizeRel|Win32.ActiveCfg = MinSizeRel|Win32
		{C1999854-B9F1-3B18-BE68-A41987393383}.MinSizeRel|Win32.Build.0 = MinSizeRel|Win32
		{C1999854-B9F1-3B18-BE68-A41987393383}.RelWithDebInfo|Win32.ActiveCfg = RelWithDebInfo|Win32
		{C1999854-B9F1-3B18-BE68-A41987393383}.RelWithDebInfo|Win32.Build.0 = RelWithDebInfo|Win32
		{16D978F5-C1AA-35F7-ADD3-E52538C86394}.Debug|Win32.ActiveCfg = Debug|Win32
		{16D978F5-C1AA-35F7-ADD3-E52538C86394}.Debug|Win32.Build.0 = Debug|Win32
		{16D978F5-C1AA-35F7-ADD3-E52538C86394}.Release|Win32.ActiveCfg = Release|Win32
		{16D978F5-C1AA-35F7-ADD3-E52538C86394}.Release|Win32.Build.0 = Release|Win32
		{16D978F5-C1AA-35F7-ADD3-E52538C86394}.MinSizeRel|Win32.ActiveCfg = MinSizeRel|Win32
		{16D978F5-C1AA-35F7-ADD3-E52538C86394}.MinSizeRel|Win32.Build.0 = MinSizeRel|Win32
		{16D978F5-C1AA-35F7-ADD3-E52538C86394}.RelWithDebInfo|Win32.ActiveCfg = RelWithDebInfo|Win32
		{16D978F5-C1AA-35F7-ADD3-E52538C86394}.RelWithDebInfo|Win32.Build.0 = RelWithDebInfo|Win32
		{C27713BC-BA4C-32F2-8523-D226D6A8B641}.Debug|Win32.ActiveCfg = Debug|Win32
		{C27713BC-BA4C-32F2-8523-D226D6A8B641}.Debug|Win32.Build.0 = Debug|Win32
		{C27713BC-BA4C-32F2-8523-D226D6A8B641}.Release|Win32.ActiveCfg = Release|Win32
		{C27713BC-BA4C-32F2-8523-D226D6A8B641}.Release|Win32.Build.0 = Release|Win32
		{C27713BC-BA4C-32F2-8523-D226D6A8B641}.MinSizeRel|Win32.ActiveCfg = MinSizeRel|Win32
		{C27713BC-BA4C-32F2-8523-D226D6A8B641}.MinSizeRel|Win32.Build.0 = MinSizeRel|Win32
		{C27713BC-BA4C-32F2-8523-D226D6A8B641}.RelWithDebInfo|Win32.ActiveCfg = RelWithDebInfo|Win32
		{C27713BC-BA4C-32F2-8523-D226D6A8B641}.RelWithDebInfo|Win32.Build.0 = RelWithDebInfo|Win32
		{11103083-B623-3CEE-87A6-E158824337F2}.Debug|Win32.ActiveCfg = Debug|Win32
		{11103083-B623-3CEE-87A6-E158824337F2}.Debug|Win32.Build.0 = Debug|Win32
		{11103083-B623-3CEE-87A6-E158824337F2}.Release|Win32.ActiveCfg = Release|Win32
		{11103083-B623-3CEE-87A6-E158824337F2}.Release|Win32.Build.0 = Release|Win32
		{11103083-B623-3CEE-87A6-E158824337F2}.MinSizeRel|Win32.ActiveCfg = MinSizeRel|Win32
		{11103083-B623-3CEE-87A6-E158824337F2}.MinSizeRel|Win32.Build.0 = MinSizeRel|Win32
		{11103083-B623-3CEE-87A6-E158824337F2}.RelWithDebInfo|Win32.ActiveCfg = RelWithDebInfo|Win32
		{11103083-B623-3CEE-87A6-E158824337F2}.RelWithDebInfo|Win32.Build.0 = RelWithDebInfo|Win32
		{252E7447-1D7E-3CEA-9542-BB24FBC013B1}.Debug|Win32.ActiveCfg = Debug|Win32
		{252E7447-1D7E-3CEA-9542-BB24FBC013B1}.Debug|Win32.Build.0 = Debug|Win32
		{252E7447-1D7E-3CEA-9542-BB24FBC013B1}.Release|Win32.ActiveCfg = Release|Win32
		{252E7447-1D7E-3CEA-9542-BB24FBC013B1}.Release|Win32.Build.0 = Release|Win32
		{252E7447-1D7E-3CEA-9542-BB24FBC013B1}.MinSizeRel|Win32.ActiveCfg = MinSizeRel|Win32
		{252E7447-1D7E-3CEA-9542-BB24FBC013B1}.MinSizeRel|Win32.Build.0 = MinSizeRel|Win32
		{252E7447-1D7E-3CEA-9542-BB24FBC013B1}.RelWithDebInfo|Win32.ActiveCfg = RelWithDebInfo|Win32
		{252E7447-1D7E-3CEA-9542-BB24FBC013B1}.RelWithDebInfo|Win32.Build.0 = RelWithDebInfo|Win32
		{D91EEFA9-7425-3462-BD2B-FD46E67385F6}.Debug|Win32.ActiveCfg = Debug|Win32
		{D91EEFA9-7425-3462-BD2B-FD46E67385F6}.Debug|Win32.Build.0 = Debug|Win32
		{D91EEFA9-7425-3462-BD2B-FD46E67385F6}.Release|Win32.ActiveCfg = Release|Win32
		{D91EEFA9-7425-3462-BD2B-FD46E67385F6}.Release|Win32.Build.0 = Release|Win32
		{D91EEFA9-7425-3462-BD2B-FD46E67385F6}.MinSizeRel|Win32.ActiveCfg = MinSizeRel|Win32
		{D91EEFA9-7425-3462-BD2B-FD46E67385F6}.MinSizeRel|Win32.Build.0 = MinSizeRel|Win32
		{D91EEFA9-7425-3462-BD2B-FD46E67385F6}.RelWithDebInfo|Win32.ActiveCfg = RelWithDebInfo|Win32
		{D91EEFA9-7425-3462-BD2B-FD46E67385F6}.RelWithDebInfo|Win32.Build.0 = RelWithDebInfo|Win32
	EndGlobalSection
	GlobalSection(NestedProjects) = preSolution
		{08107866-C684-34DA-AEC2-F90B0A22CB79} = {DD8710FA-7B69-316D-A760-E8B2B3778CA7}
		{DA9C735E-B2C5-39F2-85B4-FD25B96986BF} = {DD8710FA-7B69-316D-A760-E8B2B3778CA7}
		{9D6147F7-882D-346D-88AF-118001ED8AF5} = {838AE178-EE4E-3281-9A4F-CD7552F58E85}
		{6C7AD4CA-D7C3-3C34-BBBA-FDEB6EE4D171} = {838AE178-EE4E-3281-9A4F-CD7552F58E85}
		{BF63D340-13A4-32D9-9AAF-72345A3B116E} = {838AE178-EE4E-3281-9A4F-CD7552F58E85}
		{4ADA01B4-E83E-31B8-B5C7-EFC7BB4B0D43} = {838AE178-EE4E-3281-9A4F-CD7552F58E85}
		{F439926D-403C-3B6E-BC2C-D5421200BBE5} = {838AE178-EE4E-3281-9A4F-CD7552F58E85}
		{C1999854-B9F1-3B18-BE68-A41987393383} = {838AE178-EE4E-3281-9A4F-CD7552F58E85}
		{16D978F5-C1AA-35F7-ADD3-E52538C86394} = {838AE178-EE4E-3281-9A4F-CD7552F58E85}
		{C27713BC-BA4C-32F2-8523-D226D6A8B641} = {838AE178-EE4E-3281-9A4F-CD7552F58E85}
		{11103083-B623-3CEE-87A6-E158824337F2} = {838AE178-EE4E-3281-9A4F-CD7552F58E85}
		{252E7447-1D7E-3CEA-9542-BB24FBC013B1} = {838AE178-EE4E-3281-9A4F-CD7552F58E85}
		{D91EEFA9-7425-3462-BD2B-FD46E67385F6} = {838AE178-EE4E-3281-9A4F-CD7552F58E85}
		{252B9FA5-C417-37C2-A001-07B1A6D54119} = {7F63395B-8092-397A-AD05-28E76D44F590}
	EndGlobalSection
	GlobalSection(ExtensibilityGlobals) = postSolution
		SolutionGuid = {C433153B-F24A-30F6-AB39-010C684F16C5}
	EndGlobalSection
	GlobalSection(ExtensibilityAddIns) = postSolution
	EndGlobalSection
EndGlobal
